// !$*UTF8*$!
{
	archiveVersion = 1;
	classes = {
	};
	objectVersion = 56;
	objects = {

/* Begin PBXBuildFile section */
		08A23BF62D5A364800DF9F57 /* AppDelegate.swift in Sources */ = {isa = PBXBuildFile; fileRef = 08A23BF52D5A364800DF9F57 /* AppDelegate.swift */; };
		08A23BF82D5A364800DF9F57 /* SceneDelegate.swift in Sources */ = {isa = PBXBuildFile; fileRef = 08A23BF72D5A364800DF9F57 /* SceneDelegate.swift */; };
		08A23BFF2D5A364A00DF9F57 /* Assets.xcassets in Resources */ = {isa = PBXBuildFile; fileRef = 08A23BFE2D5A364A00DF9F57 /* Assets.xcassets */; };
		08A23C022D5A364A00DF9F57 /* LaunchScreen.storyboard in Resources */ = {isa = PBXBuildFile; fileRef = 08A23C002D5A364A00DF9F57 /* LaunchScreen.storyboard */; };
		08A23C0A2D5A41C900DF9F57 /* TrackersViewController.swift in Sources */ = {isa = PBXBuildFile; fileRef = 08A23C092D5A41C900DF9F57 /* TrackersViewController.swift */; };
		08A23C0E2D5A421800DF9F57 /* Tracker.swift in Sources */ = {isa = PBXBuildFile; fileRef = 08A23C0D2D5A421800DF9F57 /* Tracker.swift */; };
		08A23C102D5A42CD00DF9F57 /* TrackerCategory.swift in Sources */ = {isa = PBXBuildFile; fileRef = 08A23C0F2D5A42CD00DF9F57 /* TrackerCategory.swift */; };
		08A23C122D5A430C00DF9F57 /* TrackerRecord.swift in Sources */ = {isa = PBXBuildFile; fileRef = 08A23C112D5A430C00DF9F57 /* TrackerRecord.swift */; };
		08A23C152D5A4E7D00DF9F57 /* StatisticViewController.swift in Sources */ = {isa = PBXBuildFile; fileRef = 08A23C142D5A4E7D00DF9F57 /* StatisticViewController.swift */; };
		08A23C182D5A4EDE00DF9F57 /* TabBarController.swift in Sources */ = {isa = PBXBuildFile; fileRef = 08A23C172D5A4EDE00DF9F57 /* TabBarController.swift */; };
		08A23C1A2D5A534F00DF9F57 /* UIColor.swift in Sources */ = {isa = PBXBuildFile; fileRef = 08A23C192D5A534F00DF9F57 /* UIColor.swift */; };
		08A23C1D2D5A549F00DF9F57 /* TrackerCell.swift in Sources */ = {isa = PBXBuildFile; fileRef = 08A23C1C2D5A549F00DF9F57 /* TrackerCell.swift */; };
		08A23C1F2D5A5BBB00DF9F57 /* TrackerHeaderCell.swift in Sources */ = {isa = PBXBuildFile; fileRef = 08A23C1E2D5A5BBB00DF9F57 /* TrackerHeaderCell.swift */; };
		08A23C212D5A5CCD00DF9F57 /* SelectTrackerTypeController.swift in Sources */ = {isa = PBXBuildFile; fileRef = 08A23C202D5A5CCD00DF9F57 /* SelectTrackerTypeController.swift */; };
		08A23C242D5A75CF00DF9F57 /* HabitTableCell.swift in Sources */ = {isa = PBXBuildFile; fileRef = 08A23C232D5A75CF00DF9F57 /* HabitTableCell.swift */; };
		08A23C262D5A77D100DF9F57 /* HabitCreateViewController.swift in Sources */ = {isa = PBXBuildFile; fileRef = 08A23C252D5A77D100DF9F57 /* HabitCreateViewController.swift */; };
		08A23C292D5A842E00DF9F57 /* ScheduleCell.swift in Sources */ = {isa = PBXBuildFile; fileRef = 08A23C282D5A842E00DF9F57 /* ScheduleCell.swift */; };
		08A23C2B2D5A862900DF9F57 /* ScheduleViewController.swift in Sources */ = {isa = PBXBuildFile; fileRef = 08A23C2A2D5A862900DF9F57 /* ScheduleViewController.swift */; };
		08A23C302D5A978200DF9F57 /* CategoryCell.swift in Sources */ = {isa = PBXBuildFile; fileRef = 08A23C2F2D5A978200DF9F57 /* CategoryCell.swift */; };
		08A23C322D5A97F600DF9F57 /* CategoryViewController.swift in Sources */ = {isa = PBXBuildFile; fileRef = 08A23C312D5A97F600DF9F57 /* CategoryViewController.swift */; };
		08A23C362D5AAAC300DF9F57 /* HabitCollectionHeaderCell.swift in Sources */ = {isa = PBXBuildFile; fileRef = 08A23C352D5AAAC300DF9F57 /* HabitCollectionHeaderCell.swift */; };
		08A23C392D5AB0F000DF9F57 /* IrregularEventViewController.swift in Sources */ = {isa = PBXBuildFile; fileRef = 08A23C382D5AB0F000DF9F57 /* IrregularEventViewController.swift */; };
		08A23C3B2D5AB2DE00DF9F57 /* WeekDay.swift in Sources */ = {isa = PBXBuildFile; fileRef = 08A23C3A2D5AB2DE00DF9F57 /* WeekDay.swift */; };
		08A23C3D2D5D326300DF9F57 /* HabitCollectionColorCell.swift in Sources */ = {isa = PBXBuildFile; fileRef = 08A23C3C2D5D326300DF9F57 /* HabitCollectionColorCell.swift */; };
		08A23C3F2D5D33A100DF9F57 /* HabitCollectionEmojiCell.swift in Sources */ = {isa = PBXBuildFile; fileRef = 08A23C3E2D5D33A100DF9F57 /* HabitCollectionEmojiCell.swift */; };
		08A23C412D5D34E600DF9F57 /* HabitCollectionEmojiHeaderCell.swift in Sources */ = {isa = PBXBuildFile; fileRef = 08A23C402D5D34E600DF9F57 /* HabitCollectionEmojiHeaderCell.swift */; };
		08A23C432D5E686700DF9F57 /* IrregularCollectionColorCell.swift in Sources */ = {isa = PBXBuildFile; fileRef = 08A23C422D5E686700DF9F57 /* IrregularCollectionColorCell.swift */; };
		08A23C452D5E69E200DF9F57 /* IrregularColorCollectionHeaderCell.swift in Sources */ = {isa = PBXBuildFile; fileRef = 08A23C442D5E69E200DF9F57 /* IrregularColorCollectionHeaderCell.swift */; };
		08A23C472D5E6CB900DF9F57 /* IrregularEmojiCollectionCell.swift in Sources */ = {isa = PBXBuildFile; fileRef = 08A23C462D5E6CB900DF9F57 /* IrregularEmojiCollectionCell.swift */; };
		08A23C492D5E6FA900DF9F57 /* IrregularEmojiCollectionHeaderCell.swift in Sources */ = {isa = PBXBuildFile; fileRef = 08A23C482D5E6FA900DF9F57 /* IrregularEmojiCollectionHeaderCell.swift */; };
		08A23C4B2D5E772400DF9F57 /* IrregularTableCell.swift in Sources */ = {isa = PBXBuildFile; fileRef = 08A23C4A2D5E772400DF9F57 /* IrregularTableCell.swift */; };
/* End PBXBuildFile section */

/* Begin PBXFileReference section */
		08A23BF22D5A364800DF9F57 /* Tracker.app */ = {isa = PBXFileReference; explicitFileType = wrapper.application; includeInIndex = 0; path = Tracker.app; sourceTree = BUILT_PRODUCTS_DIR; };
		08A23BF52D5A364800DF9F57 /* AppDelegate.swift */ = {isa = PBXFileReference; lastKnownFileType = sourcecode.swift; path = AppDelegate.swift; sourceTree = "<group>"; };
		08A23BF72D5A364800DF9F57 /* SceneDelegate.swift */ = {isa = PBXFileReference; lastKnownFileType = sourcecode.swift; path = SceneDelegate.swift; sourceTree = "<group>"; };
		08A23BFE2D5A364A00DF9F57 /* Assets.xcassets */ = {isa = PBXFileReference; lastKnownFileType = folder.assetcatalog; path = Assets.xcassets; sourceTree = "<group>"; };
		08A23C012D5A364A00DF9F57 /* Base */ = {isa = PBXFileReference; lastKnownFileType = file.storyboard; name = Base; path = Base.lproj/LaunchScreen.storyboard; sourceTree = "<group>"; };
		08A23C032D5A364A00DF9F57 /* Info.plist */ = {isa = PBXFileReference; lastKnownFileType = text.plist.xml; path = Info.plist; sourceTree = "<group>"; };
		08A23C092D5A41C900DF9F57 /* TrackersViewController.swift */ = {isa = PBXFileReference; lastKnownFileType = sourcecode.swift; path = TrackersViewController.swift; sourceTree = "<group>"; };
		08A23C0D2D5A421800DF9F57 /* Tracker.swift */ = {isa = PBXFileReference; lastKnownFileType = sourcecode.swift; path = Tracker.swift; sourceTree = "<group>"; };
		08A23C0F2D5A42CD00DF9F57 /* TrackerCategory.swift */ = {isa = PBXFileReference; lastKnownFileType = sourcecode.swift; path = TrackerCategory.swift; sourceTree = "<group>"; };
		08A23C112D5A430C00DF9F57 /* TrackerRecord.swift */ = {isa = PBXFileReference; lastKnownFileType = sourcecode.swift; path = TrackerRecord.swift; sourceTree = "<group>"; };
		08A23C142D5A4E7D00DF9F57 /* StatisticViewController.swift */ = {isa = PBXFileReference; lastKnownFileType = sourcecode.swift; path = StatisticViewController.swift; sourceTree = "<group>"; };
		08A23C172D5A4EDE00DF9F57 /* TabBarController.swift */ = {isa = PBXFileReference; lastKnownFileType = sourcecode.swift; path = TabBarController.swift; sourceTree = "<group>"; };
		08A23C192D5A534F00DF9F57 /* UIColor.swift */ = {isa = PBXFileReference; lastKnownFileType = sourcecode.swift; path = UIColor.swift; sourceTree = "<group>"; };
		08A23C1C2D5A549F00DF9F57 /* TrackerCell.swift */ = {isa = PBXFileReference; lastKnownFileType = sourcecode.swift; path = TrackerCell.swift; sourceTree = "<group>"; };
		08A23C1E2D5A5BBB00DF9F57 /* TrackerHeaderCell.swift */ = {isa = PBXFileReference; lastKnownFileType = sourcecode.swift; path = TrackerHeaderCell.swift; sourceTree = "<group>"; };
		08A23C202D5A5CCD00DF9F57 /* SelectTrackerTypeController.swift */ = {isa = PBXFileReference; lastKnownFileType = sourcecode.swift; path = SelectTrackerTypeController.swift; sourceTree = "<group>"; };
		08A23C232D5A75CF00DF9F57 /* HabitTableCell.swift */ = {isa = PBXFileReference; lastKnownFileType = sourcecode.swift; path = HabitTableCell.swift; sourceTree = "<group>"; };
		08A23C252D5A77D100DF9F57 /* HabitCreateViewController.swift */ = {isa = PBXFileReference; lastKnownFileType = sourcecode.swift; path = HabitCreateViewController.swift; sourceTree = "<group>"; };
		08A23C282D5A842E00DF9F57 /* ScheduleCell.swift */ = {isa = PBXFileReference; lastKnownFileType = sourcecode.swift; path = ScheduleCell.swift; sourceTree = "<group>"; };
		08A23C2A2D5A862900DF9F57 /* ScheduleViewController.swift */ = {isa = PBXFileReference; lastKnownFileType = sourcecode.swift; path = ScheduleViewController.swift; sourceTree = "<group>"; };
		08A23C2F2D5A978200DF9F57 /* CategoryCell.swift */ = {isa = PBXFileReference; lastKnownFileType = sourcecode.swift; path = CategoryCell.swift; sourceTree = "<group>"; };
		08A23C312D5A97F600DF9F57 /* CategoryViewController.swift */ = {isa = PBXFileReference; lastKnownFileType = sourcecode.swift; path = CategoryViewController.swift; sourceTree = "<group>"; };
		08A23C352D5AAAC300DF9F57 /* HabitCollectionHeaderCell.swift */ = {isa = PBXFileReference; lastKnownFileType = sourcecode.swift; path = HabitCollectionHeaderCell.swift; sourceTree = "<group>"; };
		08A23C382D5AB0F000DF9F57 /* IrregularEventViewController.swift */ = {isa = PBXFileReference; lastKnownFileType = sourcecode.swift; path = IrregularEventViewController.swift; sourceTree = "<group>"; };
		08A23C3A2D5AB2DE00DF9F57 /* WeekDay.swift */ = {isa = PBXFileReference; lastKnownFileType = sourcecode.swift; path = WeekDay.swift; sourceTree = "<group>"; };
		08A23C3C2D5D326300DF9F57 /* HabitCollectionColorCell.swift */ = {isa = PBXFileReference; lastKnownFileType = sourcecode.swift; path = HabitCollectionColorCell.swift; sourceTree = "<group>"; };
		08A23C3E2D5D33A100DF9F57 /* HabitCollectionEmojiCell.swift */ = {isa = PBXFileReference; lastKnownFileType = sourcecode.swift; path = HabitCollectionEmojiCell.swift; sourceTree = "<group>"; };
		08A23C402D5D34E600DF9F57 /* HabitCollectionEmojiHeaderCell.swift */ = {isa = PBXFileReference; lastKnownFileType = sourcecode.swift; path = HabitCollectionEmojiHeaderCell.swift; sourceTree = "<group>"; };
		08A23C422D5E686700DF9F57 /* IrregularCollectionColorCell.swift */ = {isa = PBXFileReference; lastKnownFileType = sourcecode.swift; path = IrregularCollectionColorCell.swift; sourceTree = "<group>"; };
		08A23C442D5E69E200DF9F57 /* IrregularColorCollectionHeaderCell.swift */ = {isa = PBXFileReference; lastKnownFileType = sourcecode.swift; path = IrregularColorCollectionHeaderCell.swift; sourceTree = "<group>"; };
		08A23C462D5E6CB900DF9F57 /* IrregularEmojiCollectionCell.swift */ = {isa = PBXFileReference; lastKnownFileType = sourcecode.swift; path = IrregularEmojiCollectionCell.swift; sourceTree = "<group>"; };
		08A23C482D5E6FA900DF9F57 /* IrregularEmojiCollectionHeaderCell.swift */ = {isa = PBXFileReference; lastKnownFileType = sourcecode.swift; path = IrregularEmojiCollectionHeaderCell.swift; sourceTree = "<group>"; };
		08A23C4A2D5E772400DF9F57 /* IrregularTableCell.swift */ = {isa = PBXFileReference; lastKnownFileType = sourcecode.swift; path = IrregularTableCell.swift; sourceTree = "<group>"; };
/* End PBXFileReference section */

/* Begin PBXFrameworksBuildPhase section */
		08A23BEF2D5A364800DF9F57 /* Frameworks */ = {
			isa = PBXFrameworksBuildPhase;
			buildActionMask = 2147483647;
			files = (
			);
			runOnlyForDeploymentPostprocessing = 0;
		};
/* End PBXFrameworksBuildPhase section */

/* Begin PBXGroup section */
		08A23BE92D5A364800DF9F57 = {
			isa = PBXGroup;
			children = (
				08A23BF42D5A364800DF9F57 /* Tracker */,
				08A23BF32D5A364800DF9F57 /* Products */,
			);
			sourceTree = "<group>";
		};
		08A23BF32D5A364800DF9F57 /* Products */ = {
			isa = PBXGroup;
			children = (
				08A23BF22D5A364800DF9F57 /* Tracker.app */,
			);
			name = Products;
			sourceTree = "<group>";
		};
		08A23BF42D5A364800DF9F57 /* Tracker */ = {
			isa = PBXGroup;
			children = (
				08A23C372D5AB0DC00DF9F57 /* Irregular */,
				08A23C2E2D5A976800DF9F57 /* Category */,
				08A23C272D5A841A00DF9F57 /* Schedule */,
				08A23C222D5A75B900DF9F57 /* Habit */,
				08A23C162D5A4EC900DF9F57 /* Tab Bar */,
				08A23C132D5A4E5800DF9F57 /* Statistic */,
				08A23C0C2D5A420600DF9F57 /* Models */,
				08A23C0B2D5A41CE00DF9F57 /* Trackers */,
				08A23BF52D5A364800DF9F57 /* AppDelegate.swift */,
				08A23BF72D5A364800DF9F57 /* SceneDelegate.swift */,
				08A23BFE2D5A364A00DF9F57 /* Assets.xcassets */,
				08A23C002D5A364A00DF9F57 /* LaunchScreen.storyboard */,
				08A23C032D5A364A00DF9F57 /* Info.plist */,
				08A23C192D5A534F00DF9F57 /* UIColor.swift */,
				08A23C3A2D5AB2DE00DF9F57 /* WeekDay.swift */,
			);
			path = Tracker;
			sourceTree = "<group>";
		};
		08A23C0B2D5A41CE00DF9F57 /* Trackers */ = {
			isa = PBXGroup;
			children = (
				08A23C1E2D5A5BBB00DF9F57 /* TrackerHeaderCell.swift */,
				08A23C1C2D5A549F00DF9F57 /* TrackerCell.swift */,
				08A23C092D5A41C900DF9F57 /* TrackersViewController.swift */,
				08A23C202D5A5CCD00DF9F57 /* SelectTrackerTypeController.swift */,
			);
			path = Trackers;
			sourceTree = "<group>";
		};
		08A23C0C2D5A420600DF9F57 /* Models */ = {
			isa = PBXGroup;
			children = (
				08A23C0D2D5A421800DF9F57 /* Tracker.swift */,
				08A23C0F2D5A42CD00DF9F57 /* TrackerCategory.swift */,
				08A23C112D5A430C00DF9F57 /* TrackerRecord.swift */,
			);
			path = Models;
			sourceTree = "<group>";
		};
		08A23C132D5A4E5800DF9F57 /* Statistic */ = {
			isa = PBXGroup;
			children = (
				08A23C142D5A4E7D00DF9F57 /* StatisticViewController.swift */,
			);
			path = Statistic;
			sourceTree = "<group>";
		};
		08A23C162D5A4EC900DF9F57 /* Tab Bar */ = {
			isa = PBXGroup;
			children = (
				08A23C172D5A4EDE00DF9F57 /* TabBarController.swift */,
			);
			path = "Tab Bar";
			sourceTree = "<group>";
		};
		08A23C222D5A75B900DF9F57 /* Habit */ = {
			isa = PBXGroup;
			children = (
				08A23C232D5A75CF00DF9F57 /* HabitTableCell.swift */,
				08A23C252D5A77D100DF9F57 /* HabitCreateViewController.swift */,
				08A23C352D5AAAC300DF9F57 /* HabitCollectionHeaderCell.swift */,
				08A23C3C2D5D326300DF9F57 /* HabitCollectionColorCell.swift */,
				08A23C3E2D5D33A100DF9F57 /* HabitCollectionEmojiCell.swift */,
				08A23C402D5D34E600DF9F57 /* HabitCollectionEmojiHeaderCell.swift */,
			);
			path = Habit;
			sourceTree = "<group>";
		};
		08A23C272D5A841A00DF9F57 /* Schedule */ = {
			isa = PBXGroup;
			children = (
				08A23C282D5A842E00DF9F57 /* ScheduleCell.swift */,
				08A23C2A2D5A862900DF9F57 /* ScheduleViewController.swift */,
			);
			path = Schedule;
			sourceTree = "<group>";
		};
		08A23C2E2D5A976800DF9F57 /* Category */ = {
			isa = PBXGroup;
			children = (
				08A23C2F2D5A978200DF9F57 /* CategoryCell.swift */,
				08A23C312D5A97F600DF9F57 /* CategoryViewController.swift */,
			);
			path = Category;
			sourceTree = "<group>";
		};
		08A23C372D5AB0DC00DF9F57 /* Irregular */ = {
			isa = PBXGroup;
			children = (
				08A23C382D5AB0F000DF9F57 /* IrregularEventViewController.swift */,
				08A23C422D5E686700DF9F57 /* IrregularCollectionColorCell.swift */,
				08A23C442D5E69E200DF9F57 /* IrregularColorCollectionHeaderCell.swift */,
				08A23C462D5E6CB900DF9F57 /* IrregularEmojiCollectionCell.swift */,
				08A23C482D5E6FA900DF9F57 /* IrregularEmojiCollectionHeaderCell.swift */,
				08A23C4A2D5E772400DF9F57 /* IrregularTableCell.swift */,
			);
			path = Irregular;
			sourceTree = "<group>";
		};
/* End PBXGroup section */

/* Begin PBXNativeTarget section */
		08A23BF12D5A364800DF9F57 /* Tracker */ = {
			isa = PBXNativeTarget;
			buildConfigurationList = 08A23C062D5A364A00DF9F57 /* Build configuration list for PBXNativeTarget "Tracker" */;
			buildPhases = (
				08A23BEE2D5A364800DF9F57 /* Sources */,
				08A23BEF2D5A364800DF9F57 /* Frameworks */,
				08A23BF02D5A364800DF9F57 /* Resources */,
			);
			buildRules = (
			);
			dependencies = (
			);
			name = Tracker;
			productName = Tracker;
			productReference = 08A23BF22D5A364800DF9F57 /* Tracker.app */;
			productType = "com.apple.product-type.application";
		};
/* End PBXNativeTarget section */

/* Begin PBXProject section */
		08A23BEA2D5A364800DF9F57 /* Project object */ = {
			isa = PBXProject;
			attributes = {
				BuildIndependentTargetsInParallel = 1;
				LastSwiftUpdateCheck = 1520;
				LastUpgradeCheck = 1520;
				TargetAttributes = {
					08A23BF12D5A364800DF9F57 = {
						CreatedOnToolsVersion = 15.2;
					};
				};
			};
			buildConfigurationList = 08A23BED2D5A364800DF9F57 /* Build configuration list for PBXProject "Tracker" */;
			compatibilityVersion = "Xcode 14.0";
			developmentRegion = en;
			hasScannedForEncodings = 0;
			knownRegions = (
				en,
				Base,
			);
			mainGroup = 08A23BE92D5A364800DF9F57;
			productRefGroup = 08A23BF32D5A364800DF9F57 /* Products */;
			projectDirPath = "";
			projectRoot = "";
			targets = (
				08A23BF12D5A364800DF9F57 /* Tracker */,
			);
		};
/* End PBXProject section */

/* Begin PBXResourcesBuildPhase section */
		08A23BF02D5A364800DF9F57 /* Resources */ = {
			isa = PBXResourcesBuildPhase;
			buildActionMask = 2147483647;
			files = (
				08A23C022D5A364A00DF9F57 /* LaunchScreen.storyboard in Resources */,
				08A23BFF2D5A364A00DF9F57 /* Assets.xcassets in Resources */,
			);
			runOnlyForDeploymentPostprocessing = 0;
		};
/* End PBXResourcesBuildPhase section */

/* Begin PBXSourcesBuildPhase section */
		08A23BEE2D5A364800DF9F57 /* Sources */ = {
			isa = PBXSourcesBuildPhase;
			buildActionMask = 2147483647;
			files = (
				08A23C1D2D5A549F00DF9F57 /* TrackerCell.swift in Sources */,
				08A23C102D5A42CD00DF9F57 /* TrackerCategory.swift in Sources */,
				08A23C4B2D5E772400DF9F57 /* IrregularTableCell.swift in Sources */,
				08A23C0A2D5A41C900DF9F57 /* TrackersViewController.swift in Sources */,
				08A23C322D5A97F600DF9F57 /* CategoryViewController.swift in Sources */,
				08A23C2B2D5A862900DF9F57 /* ScheduleViewController.swift in Sources */,
				08A23C122D5A430C00DF9F57 /* TrackerRecord.swift in Sources */,
				08A23C302D5A978200DF9F57 /* CategoryCell.swift in Sources */,
				08A23C3F2D5D33A100DF9F57 /* HabitCollectionEmojiCell.swift in Sources */,
				08A23C292D5A842E00DF9F57 /* ScheduleCell.swift in Sources */,
				08A23C182D5A4EDE00DF9F57 /* TabBarController.swift in Sources */,
				08A23C212D5A5CCD00DF9F57 /* SelectTrackerTypeController.swift in Sources */,
				08A23C3D2D5D326300DF9F57 /* HabitCollectionColorCell.swift in Sources */,
				08A23C472D5E6CB900DF9F57 /* IrregularEmojiCollectionCell.swift in Sources */,
				08A23C1F2D5A5BBB00DF9F57 /* TrackerHeaderCell.swift in Sources */,
				08A23C1A2D5A534F00DF9F57 /* UIColor.swift in Sources */,
				08A23C392D5AB0F000DF9F57 /* IrregularEventViewController.swift in Sources */,
				08A23C3B2D5AB2DE00DF9F57 /* WeekDay.swift in Sources */,
				08A23C412D5D34E600DF9F57 /* HabitCollectionEmojiHeaderCell.swift in Sources */,
				08A23C0E2D5A421800DF9F57 /* Tracker.swift in Sources */,
				08A23C452D5E69E200DF9F57 /* IrregularColorCollectionHeaderCell.swift in Sources */,
				08A23C242D5A75CF00DF9F57 /* HabitTableCell.swift in Sources */,
				08A23C492D5E6FA900DF9F57 /* IrregularEmojiCollectionHeaderCell.swift in Sources */,
				08A23BF62D5A364800DF9F57 /* AppDelegate.swift in Sources */,
				08A23C262D5A77D100DF9F57 /* HabitCreateViewController.swift in Sources */,
				08A23BF82D5A364800DF9F57 /* SceneDelegate.swift in Sources */,
				08A23C152D5A4E7D00DF9F57 /* StatisticViewController.swift in Sources */,
				08A23C432D5E686700DF9F57 /* IrregularCollectionColorCell.swift in Sources */,
				08A23C362D5AAAC300DF9F57 /* HabitCollectionHeaderCell.swift in Sources */,
			);
			runOnlyForDeploymentPostprocessing = 0;
		};
/* End PBXSourcesBuildPhase section */

/* Begin PBXVariantGroup section */
		08A23C002D5A364A00DF9F57 /* LaunchScreen.storyboard */ = {
			isa = PBXVariantGroup;
			children = (
				08A23C012D5A364A00DF9F57 /* Base */,
			);
			name = LaunchScreen.storyboard;
			sourceTree = "<group>";
		};
/* End PBXVariantGroup section */

/* Begin XCBuildConfiguration section */
		08A23C042D5A364A00DF9F57 /* Debug */ = {
			isa = XCBuildConfiguration;
			buildSettings = {
				ALWAYS_SEARCH_USER_PATHS = NO;
				ASSETCATALOG_COMPILER_GENERATE_SWIFT_ASSET_SYMBOL_EXTENSIONS = YES;
				CLANG_ANALYZER_LOCALIZABILITY_NONLOCALIZED = YES;
				CLANG_ANALYZER_NONNULL = YES;
				CLANG_ANALYZER_NUMBER_OBJECT_CONVERSION = YES_AGGRESSIVE;
				CLANG_CXX_LANGUAGE_STANDARD = "gnu++20";
				CLANG_ENABLE_MODULES = YES;
				CLANG_ENABLE_OBJC_ARC = YES;
				CLANG_ENABLE_OBJC_WEAK = YES;
				CLANG_WARN_BLOCK_CAPTURE_AUTORELEASING = YES;
				CLANG_WARN_BOOL_CONVERSION = YES;
				CLANG_WARN_COMMA = YES;
				CLANG_WARN_CONSTANT_CONVERSION = YES;
				CLANG_WARN_DEPRECATED_OBJC_IMPLEMENTATIONS = YES;
				CLANG_WARN_DIRECT_OBJC_ISA_USAGE = YES_ERROR;
				CLANG_WARN_DOCUMENTATION_COMMENTS = YES;
				CLANG_WARN_EMPTY_BODY = YES;
				CLANG_WARN_ENUM_CONVERSION = YES;
				CLANG_WARN_INFINITE_RECURSION = YES;
				CLANG_WARN_INT_CONVERSION = YES;
				CLANG_WARN_NON_LITERAL_NULL_CONVERSION = YES;
				CLANG_WARN_OBJC_IMPLICIT_RETAIN_SELF = YES;
				CLANG_WARN_OBJC_LITERAL_CONVERSION = YES;
				CLANG_WARN_OBJC_ROOT_CLASS = YES_ERROR;
				CLANG_WARN_QUOTED_INCLUDE_IN_FRAMEWORK_HEADER = YES;
				CLANG_WARN_RANGE_LOOP_ANALYSIS = YES;
				CLANG_WARN_STRICT_PROTOTYPES = YES;
				CLANG_WARN_SUSPICIOUS_MOVE = YES;
				CLANG_WARN_UNGUARDED_AVAILABILITY = YES_AGGRESSIVE;
				CLANG_WARN_UNREACHABLE_CODE = YES;
				CLANG_WARN__DUPLICATE_METHOD_MATCH = YES;
				COPY_PHASE_STRIP = NO;
				DEBUG_INFORMATION_FORMAT = dwarf;
				ENABLE_STRICT_OBJC_MSGSEND = YES;
				ENABLE_TESTABILITY = YES;
				ENABLE_USER_SCRIPT_SANDBOXING = YES;
				GCC_C_LANGUAGE_STANDARD = gnu17;
				GCC_DYNAMIC_NO_PIC = NO;
				GCC_NO_COMMON_BLOCKS = YES;
				GCC_OPTIMIZATION_LEVEL = 0;
				GCC_PREPROCESSOR_DEFINITIONS = (
					"DEBUG=1",
					"$(inherited)",
				);
				GCC_WARN_64_TO_32_BIT_CONVERSION = YES;
				GCC_WARN_ABOUT_RETURN_TYPE = YES_ERROR;
				GCC_WARN_UNDECLARED_SELECTOR = YES;
				GCC_WARN_UNINITIALIZED_AUTOS = YES_AGGRESSIVE;
				GCC_WARN_UNUSED_FUNCTION = YES;
				GCC_WARN_UNUSED_VARIABLE = YES;
				IPHONEOS_DEPLOYMENT_TARGET = 17.2;
				LOCALIZATION_PREFERS_STRING_CATALOGS = YES;
				MTL_ENABLE_DEBUG_INFO = INCLUDE_SOURCE;
				MTL_FAST_MATH = YES;
				ONLY_ACTIVE_ARCH = YES;
				SDKROOT = iphoneos;
				SWIFT_ACTIVE_COMPILATION_CONDITIONS = "DEBUG $(inherited)";
				SWIFT_OPTIMIZATION_LEVEL = "-Onone";
			};
			name = Debug;
		};
		08A23C052D5A364A00DF9F57 /* Release */ = {
			isa = XCBuildConfiguration;
			buildSettings = {
				ALWAYS_SEARCH_USER_PATHS = NO;
				ASSETCATALOG_COMPILER_GENERATE_SWIFT_ASSET_SYMBOL_EXTENSIONS = YES;
				CLANG_ANALYZER_LOCALIZABILITY_NONLOCALIZED = YES;
				CLANG_ANALYZER_NONNULL = YES;
				CLANG_ANALYZER_NUMBER_OBJECT_CONVERSION = YES_AGGRESSIVE;
				CLANG_CXX_LANGUAGE_STANDARD = "gnu++20";
				CLANG_ENABLE_MODULES = YES;
				CLANG_ENABLE_OBJC_ARC = YES;
				CLANG_ENABLE_OBJC_WEAK = YES;
				CLANG_WARN_BLOCK_CAPTURE_AUTORELEASING = YES;
				CLANG_WARN_BOOL_CONVERSION = YES;
				CLANG_WARN_COMMA = YES;
				CLANG_WARN_CONSTANT_CONVERSION = YES;
				CLANG_WARN_DEPRECATED_OBJC_IMPLEMENTATIONS = YES;
				CLANG_WARN_DIRECT_OBJC_ISA_USAGE = YES_ERROR;
				CLANG_WARN_DOCUMENTATION_COMMENTS = YES;
				CLANG_WARN_EMPTY_BODY = YES;
				CLANG_WARN_ENUM_CONVERSION = YES;
				CLANG_WARN_INFINITE_RECURSION = YES;
				CLANG_WARN_INT_CONVERSION = YES;
				CLANG_WARN_NON_LITERAL_NULL_CONVERSION = YES;
				CLANG_WARN_OBJC_IMPLICIT_RETAIN_SELF = YES;
				CLANG_WARN_OBJC_LITERAL_CONVERSION = YES;
				CLANG_WARN_OBJC_ROOT_CLASS = YES_ERROR;
				CLANG_WARN_QUOTED_INCLUDE_IN_FRAMEWORK_HEADER = YES;
				CLANG_WARN_RANGE_LOOP_ANALYSIS = YES;
				CLANG_WARN_STRICT_PROTOTYPES = YES;
				CLANG_WARN_SUSPICIOUS_MOVE = YES;
				CLANG_WARN_UNGUARDED_AVAILABILITY = YES_AGGRESSIVE;
				CLANG_WARN_UNREACHABLE_CODE = YES;
				CLANG_WARN__DUPLICATE_METHOD_MATCH = YES;
				COPY_PHASE_STRIP = NO;
				DEBUG_INFORMATION_FORMAT = "dwarf-with-dsym";
				ENABLE_NS_ASSERTIONS = NO;
				ENABLE_STRICT_OBJC_MSGSEND = YES;
				ENABLE_USER_SCRIPT_SANDBOXING = YES;
				GCC_C_LANGUAGE_STANDARD = gnu17;
				GCC_NO_COMMON_BLOCKS = YES;
				GCC_WARN_64_TO_32_BIT_CONVERSION = YES;
				GCC_WARN_ABOUT_RETURN_TYPE = YES_ERROR;
				GCC_WARN_UNDECLARED_SELECTOR = YES;
				GCC_WARN_UNINITIALIZED_AUTOS = YES_AGGRESSIVE;
				GCC_WARN_UNUSED_FUNCTION = YES;
				GCC_WARN_UNUSED_VARIABLE = YES;
				IPHONEOS_DEPLOYMENT_TARGET = 17.2;
				LOCALIZATION_PREFERS_STRING_CATALOGS = YES;
				MTL_ENABLE_DEBUG_INFO = NO;
				MTL_FAST_MATH = YES;
				SDKROOT = iphoneos;
				SWIFT_COMPILATION_MODE = wholemodule;
				VALIDATE_PRODUCT = YES;
			};
			name = Release;
		};
		08A23C072D5A364A00DF9F57 /* Debug */ = {
			isa = XCBuildConfiguration;
			buildSettings = {
				ASSETCATALOG_COMPILER_APPICON_NAME = AppIcon;
				ASSETCATALOG_COMPILER_GLOBAL_ACCENT_COLOR_NAME = AccentColor;
				CODE_SIGN_STYLE = Automatic;
				CURRENT_PROJECT_VERSION = 1;
				DEVELOPMENT_TEAM = 4B586V2NTL;
				GENERATE_INFOPLIST_FILE = YES;
				INFOPLIST_FILE = Tracker/Info.plist;
				INFOPLIST_KEY_UIApplicationSupportsIndirectInputEvents = YES;
				INFOPLIST_KEY_UILaunchStoryboardName = LaunchScreen;
				INFOPLIST_KEY_UISupportedInterfaceOrientations = UIInterfaceOrientationPortrait;
				INFOPLIST_KEY_UISupportedInterfaceOrientations_iPad = "UIInterfaceOrientationLandscapeLeft UIInterfaceOrientationLandscapeRight UIInterfaceOrientationPortrait UIInterfaceOrientationPortraitUpsideDown";
				IPHONEOS_DEPLOYMENT_TARGET = 13.4;
				LD_RUNPATH_SEARCH_PATHS = (
					"$(inherited)",
					"@executable_path/Frameworks",
				);
				MARKETING_VERSION = 1.0;
				PRODUCT_BUNDLE_IDENTIFIER = ru.yandex.practicum.Tracker;
				PRODUCT_NAME = "$(TARGET_NAME)";
				SUPPORTED_PLATFORMS = "iphoneos iphonesimulator";
				SUPPORTS_MACCATALYST = NO;
				SUPPORTS_MAC_DESIGNED_FOR_IPHONE_IPAD = NO;
				SUPPORTS_XR_DESIGNED_FOR_IPHONE_IPAD = NO;
				SWIFT_EMIT_LOC_STRINGS = YES;
				SWIFT_VERSION = 5.0;
				TARGETED_DEVICE_FAMILY = 1;
			};
			name = Debug;
		};
		08A23C082D5A364A00DF9F57 /* Release */ = {
			isa = XCBuildConfiguration;
			buildSettings = {
				ASSETCATALOG_COMPILER_APPICON_NAME = AppIcon;
				ASSETCATALOG_COMPILER_GLOBAL_ACCENT_COLOR_NAME = AccentColor;
				CODE_SIGN_STYLE = Automatic;
				CURRENT_PROJECT_VERSION = 1;
				DEVELOPMENT_TEAM = 4B586V2NTL;
				GENERATE_INFOPLIST_FILE = YES;
				INFOPLIST_FILE = Tracker/Info.plist;
				INFOPLIST_KEY_UIApplicationSupportsIndirectInputEvents = YES;
				INFOPLIST_KEY_UILaunchStoryboardName = LaunchScreen;
				INFOPLIST_KEY_UISupportedInterfaceOrientations = UIInterfaceOrientationPortrait;
				INFOPLIST_KEY_UISupportedInterfaceOrientations_iPad = "UIInterfaceOrientationLandscapeLeft UIInterfaceOrientationLandscapeRight UIInterfaceOrientationPortrait UIInterfaceOrientationPortraitUpsideDown";
				IPHONEOS_DEPLOYMENT_TARGET = 13.4;
				LD_RUNPATH_SEARCH_PATHS = (
					"$(inherited)",
					"@executable_path/Frameworks",
				);
				MARKETING_VERSION = 1.0;
				PRODUCT_BUNDLE_IDENTIFIER = ru.yandex.practicum.Tracker;
				PRODUCT_NAME = "$(TARGET_NAME)";
				SUPPORTED_PLATFORMS = "iphoneos iphonesimulator";
				SUPPORTS_MACCATALYST = NO;
				SUPPORTS_MAC_DESIGNED_FOR_IPHONE_IPAD = NO;
				SUPPORTS_XR_DESIGNED_FOR_IPHONE_IPAD = NO;
				SWIFT_EMIT_LOC_STRINGS = YES;
				SWIFT_VERSION = 5.0;
				TARGETED_DEVICE_FAMILY = 1;
			};
			name = Release;
		};
/* End XCBuildConfiguration section */

/* Begin XCConfigurationList section */
		08A23BED2D5A364800DF9F57 /* Build configuration list for PBXProject "Tracker" */ = {
			isa = XCConfigurationList;
			buildConfigurations = (
				08A23C042D5A364A00DF9F57 /* Debug */,
				08A23C052D5A364A00DF9F57 /* Release */,
			);
			defaultConfigurationIsVisible = 0;
			defaultConfigurationName = Release;
		};
		08A23C062D5A364A00DF9F57 /* Build configuration list for PBXNativeTarget "Tracker" */ = {
			isa = XCConfigurationList;
			buildConfigurations = (
				08A23C072D5A364A00DF9F57 /* Debug */,
				08A23C082D5A364A00DF9F57 /* Release */,
			);
			defaultConfigurationIsVisible = 0;
			defaultConfigurationName = Release;
		};
/* End XCConfigurationList section */
	};
	rootObject = 08A23BEA2D5A364800DF9F57 /* Project object */;
}
